
Microsoft Visual Studio Solution File, Format Version 12.00
# Visual Studio Version 16
VisualStudioVersion = 16.0.31702.278
MinimumVisualStudioVersion = 10.0.40219.1
Project("{FAE04EC0-301F-11D3-BF4B-00C04F79EFBC}") = "Nhom6_TourDuLich", "Nhom6_TourDuLich\Nhom6_TourDuLich.csproj", "{2C3E6E47-1A87-47AC-9EB8-182F5F2147B9}"
EndProject
Global
	GlobalSection(SolutionConfigurationPlatforms) = preSolution
		Debug|Any CPU = Debug|Any CPU
		Release|Any CPU = Release|Any CPU
	EndGlobalSection
	GlobalSection(ProjectConfigurationPlatforms) = postSolution
		{2C3E6E47-1A87-47AC-9EB8-182F5F2147B9}.Debug|Any CPU.ActiveCfg = Debug|Any CPU
		{2C3E6E47-1A87-47AC-9EB8-182F5F2147B9}.Debug|Any CPU.Build.0 = Debug|Any CPU
		{2C3E6E47-1A87-47AC-9EB8-182F5F2147B9}.Release|Any CPU.ActiveCfg = Release|Any CPU
		{2C3E6E47-1A87-47AC-9EB8-182F5F2147B9}.Release|Any CPU.Build.0 = Release|Any CPU
	EndGlobalSection
	GlobalSection(SolutionProperties) = preSolution
		HideSolutionNode = FALSE
	EndGlobalSection
	GlobalSection(ExtensibilityGlobals) = postSolution
		SolutionGuid = {271FD95A-5112-4768-9587-548B54075352}
	EndGlobalSection
EndGlobal
